
Microsoft Visual Studio Solution File, Format Version 12.00
# Visual Studio Version 17
VisualStudioVersion = 17.6.33723.286
MinimumVisualStudioVersion = 10.0.40219.1
Project("{FAE04EC0-301F-11D3-BF4B-00C04F79EFBC}") = "TRMDataManager", "TRMDataManager\TRMDataManager.csproj", "{EE6C4A35-4614-4C5F-9EFA-37638134EAB4}"
EndProject
Project("{00D1A9C2-B5F0-4AF3-8072-F6C62B433612}") = "TRMData", "TRMData\TRMData.sqlproj", "{DEBD1896-D54E-46E8-B211-87343DFC9BAE}"
EndProject
Project("{FAE04EC0-301F-11D3-BF4B-00C04F79EFBC}") = "TRMDesktopUI", "TRMDesktopUI\TRMDesktopUI.csproj", "{5C546B00-4FE1-4997-B71A-4EF670DCF7AB}"
EndProject
Project("{FAE04EC0-301F-11D3-BF4B-00C04F79EFBC}") = "TRMDataManager.Library", "TRMDataManager.Library\TRMDataManager.Library.csproj", "{C12C57F7-1BDD-441E-B8DD-BBC71CE41D98}"
EndProject
Project("{FAE04EC0-301F-11D3-BF4B-00C04F79EFBC}") = "TRMDesktopUI.Library", "TRMDesktopUI.Library\TRMDesktopUI.Library.csproj", "{51387D20-DD26-457F-B4F8-BBE019846EF7}"
EndProject
Project("{2150E333-8FDC-42A3-9474-1A3956D46DE8}") = "Database", "Database", "{6DE43CDC-3745-4F8E-B8FA-3D87A6B695D7}"
EndProject
Project("{2150E333-8FDC-42A3-9474-1A3956D46DE8}") = "API", "API", "{5BD281F6-0E0F-4A5B-9D5A-6A38EF7DA287}"
EndProject
Project("{2150E333-8FDC-42A3-9474-1A3956D46DE8}") = "WPF", "WPF", "{4BDE72E1-CD31-4F91-BC66-B3B4186BCF9D}"
EndProject
Global
	GlobalSection(SolutionConfigurationPlatforms) = preSolution
		Debug|Any CPU = Debug|Any CPU
		Release|Any CPU = Release|Any CPU
	EndGlobalSection
	GlobalSection(ProjectConfigurationPlatforms) = postSolution
		{EE6C4A35-4614-4C5F-9EFA-37638134EAB4}.Debug|Any CPU.ActiveCfg = Debug|Any CPU
		{EE6C4A35-4614-4C5F-9EFA-37638134EAB4}.Debug|Any CPU.Build.0 = Debug|Any CPU
		{EE6C4A35-4614-4C5F-9EFA-37638134EAB4}.Release|Any CPU.ActiveCfg = Release|Any CPU
		{EE6C4A35-4614-4C5F-9EFA-37638134EAB4}.Release|Any CPU.Build.0 = Release|Any CPU
		{DEBD1896-D54E-46E8-B211-87343DFC9BAE}.Debug|Any CPU.ActiveCfg = Debug|Any CPU
		{DEBD1896-D54E-46E8-B211-87343DFC9BAE}.Debug|Any CPU.Build.0 = Debug|Any CPU
		{DEBD1896-D54E-46E8-B211-87343DFC9BAE}.Debug|Any CPU.Deploy.0 = Debug|Any CPU
		{DEBD1896-D54E-46E8-B211-87343DFC9BAE}.Release|Any CPU.ActiveCfg = Release|Any CPU
		{DEBD1896-D54E-46E8-B211-87343DFC9BAE}.Release|Any CPU.Build.0 = Release|Any CPU
		{DEBD1896-D54E-46E8-B211-87343DFC9BAE}.Release|Any CPU.Deploy.0 = Release|Any CPU
		{5C546B00-4FE1-4997-B71A-4EF670DCF7AB}.Debug|Any CPU.ActiveCfg = Debug|Any CPU
		{5C546B00-4FE1-4997-B71A-4EF670DCF7AB}.Debug|Any CPU.Build.0 = Debug|Any CPU
		{5C546B00-4FE1-4997-B71A-4EF670DCF7AB}.Release|Any CPU.ActiveCfg = Release|Any CPU
		{5C546B00-4FE1-4997-B71A-4EF670DCF7AB}.Release|Any CPU.Build.0 = Release|Any CPU
		{C12C57F7-1BDD-441E-B8DD-BBC71CE41D98}.Debug|Any CPU.ActiveCfg = Debug|Any CPU
		{C12C57F7-1BDD-441E-B8DD-BBC71CE41D98}.Debug|Any CPU.Build.0 = Debug|Any CPU
		{C12C57F7-1BDD-441E-B8DD-BBC71CE41D98}.Release|Any CPU.ActiveCfg = Release|Any CPU
		{C12C57F7-1BDD-441E-B8DD-BBC71CE41D98}.Release|Any CPU.Build.0 = Release|Any CPU
		{51387D20-DD26-457F-B4F8-BBE019846EF7}.Debug|Any CPU.ActiveCfg = Debug|Any CPU
		{51387D20-DD26-457F-B4F8-BBE019846EF7}.Debug|Any CPU.Build.0 = Debug|Any CPU
		{51387D20-DD26-457F-B4F8-BBE019846EF7}.Release|Any CPU.ActiveCfg = Release|Any CPU
		{51387D20-DD26-457F-B4F8-BBE019846EF7}.Release|Any CPU.Build.0 = Release|Any CPU
	EndGlobalSection
	GlobalSection(SolutionProperties) = preSolution
		HideSolutionNode = FALSE
	EndGlobalSection
	GlobalSection(NestedProjects) = preSolution
		{EE6C4A35-4614-4C5F-9EFA-37638134EAB4} = {5BD281F6-0E0F-4A5B-9D5A-6A38EF7DA287}
		{DEBD1896-D54E-46E8-B211-87343DFC9BAE} = {6DE43CDC-3745-4F8E-B8FA-3D87A6B695D7}
		{5C546B00-4FE1-4997-B71A-4EF670DCF7AB} = {4BDE72E1-CD31-4F91-BC66-B3B4186BCF9D}
		{C12C57F7-1BDD-441E-B8DD-BBC71CE41D98} = {5BD281F6-0E0F-4A5B-9D5A-6A38EF7DA287}
		{51387D20-DD26-457F-B4F8-BBE019846EF7} = {4BDE72E1-CD31-4F91-BC66-B3B4186BCF9D}
	EndGlobalSection
	GlobalSection(ExtensibilityGlobals) = postSolution
		SolutionGuid = {22777267-FF91-45EF-8E1B-EF4C81C89F8A}
	EndGlobalSection
EndGlobal
